
Microsoft Visual Studio Solution File, Format Version 12.00
# Visual Studio Version 16
VisualStudioVersion = 16.0.30204.135
MinimumVisualStudioVersion = 10.0.40219.1
Project("{FAE04EC0-301F-11D3-BF4B-00C04F79EFBC}") = "UAL-Inventarium.Android", "UAL-Inventarium\UAL-Inventarium.Android\UAL-Inventarium.Android.csproj", "{229DB5FC-07F7-4F29-A2F3-74623E160233}"
EndProject
Project("{FAE04EC0-301F-11D3-BF4B-00C04F79EFBC}") = "UAL-Inventarium.iOS", "UAL-Inventarium\UAL-Inventarium.iOS\UAL-Inventarium.iOS.csproj", "{5E9B530B-1A2C-4D7C-8DD7-9A14F89514F1}"
EndProject
Project("{9A19103F-16F7-4668-BE54-9A1E7A4F7556}") = "UAL-Inventarium", "UAL-Inventarium\UAL-Inventarium\UAL-Inventarium.csproj", "{D6579F16-399F-4E7F-8A8C-9D17A7D3450C}"
EndProject
Project("{FAE04EC0-301F-11D3-BF4B-00C04F79EFBC}") = "UAL-InventariumDB", "UAL-InventariumDB\UAL-InventariumDB.csproj", "{6D436FE4-E58B-43D2-AD1F-7C3E5833DCAF}"
EndProject
Global
	GlobalSection(SolutionConfigurationPlatforms) = preSolution
		Debug|Any CPU = Debug|Any CPU
		Debug|iPhone = Debug|iPhone
		Debug|iPhoneSimulator = Debug|iPhoneSimulator
		Release|Any CPU = Release|Any CPU
		Release|iPhone = Release|iPhone
		Release|iPhoneSimulator = Release|iPhoneSimulator
	EndGlobalSection
	GlobalSection(ProjectConfigurationPlatforms) = postSolution
		{229DB5FC-07F7-4F29-A2F3-74623E160233}.Debug|Any CPU.ActiveCfg = Debug|Any CPU
		{229DB5FC-07F7-4F29-A2F3-74623E160233}.Debug|Any CPU.Build.0 = Debug|Any CPU
		{229DB5FC-07F7-4F29-A2F3-74623E160233}.Debug|Any CPU.Deploy.0 = Debug|Any CPU
		{229DB5FC-07F7-4F29-A2F3-74623E160233}.Debug|iPhone.ActiveCfg = Debug|Any CPU
		{229DB5FC-07F7-4F29-A2F3-74623E160233}.Debug|iPhone.Build.0 = Debug|Any CPU
		{229DB5FC-07F7-4F29-A2F3-74623E160233}.Debug|iPhone.Deploy.0 = Debug|Any CPU
		{229DB5FC-07F7-4F29-A2F3-74623E160233}.Debug|iPhoneSimulator.ActiveCfg = Debug|Any CPU
		{229DB5FC-07F7-4F29-A2F3-74623E160233}.Debug|iPhoneSimulator.Build.0 = Debug|Any CPU
		{229DB5FC-07F7-4F29-A2F3-74623E160233}.Debug|iPhoneSimulator.Deploy.0 = Debug|Any CPU
		{229DB5FC-07F7-4F29-A2F3-74623E160233}.Release|Any CPU.ActiveCfg = Release|Any CPU
		{229DB5FC-07F7-4F29-A2F3-74623E160233}.Release|Any CPU.Build.0 = Release|Any CPU
		{229DB5FC-07F7-4F29-A2F3-74623E160233}.Release|Any CPU.Deploy.0 = Release|Any CPU
		{229DB5FC-07F7-4F29-A2F3-74623E160233}.Release|iPhone.ActiveCfg = Release|Any CPU
		{229DB5FC-07F7-4F29-A2F3-74623E160233}.Release|iPhone.Build.0 = Release|Any CPU
		{229DB5FC-07F7-4F29-A2F3-74623E160233}.Release|iPhone.Deploy.0 = Release|Any CPU
		{229DB5FC-07F7-4F29-A2F3-74623E160233}.Release|iPhoneSimulator.ActiveCfg = Release|Any CPU
		{229DB5FC-07F7-4F29-A2F3-74623E160233}.Release|iPhoneSimulator.Build.0 = Release|Any CPU
		{229DB5FC-07F7-4F29-A2F3-74623E160233}.Release|iPhoneSimulator.Deploy.0 = Release|Any CPU
		{5E9B530B-1A2C-4D7C-8DD7-9A14F89514F1}.Debug|Any CPU.ActiveCfg = Debug|iPhone
		{5E9B530B-1A2C-4D7C-8DD7-9A14F89514F1}.Debug|Any CPU.Build.0 = Debug|iPhone
		{5E9B530B-1A2C-4D7C-8DD7-9A14F89514F1}.Debug|Any CPU.Deploy.0 = Debug|iPhone
		{5E9B530B-1A2C-4D7C-8DD7-9A14F89514F1}.Debug|iPhone.ActiveCfg = Debug|iPhone
		{5E9B530B-1A2C-4D7C-8DD7-9A14F89514F1}.Debug|iPhone.Build.0 = Debug|iPhone
		{5E9B530B-1A2C-4D7C-8DD7-9A14F89514F1}.Debug|iPhone.Deploy.0 = Debug|iPhone
		{5E9B530B-1A2C-4D7C-8DD7-9A14F89514F1}.Debug|iPhoneSimulator.ActiveCfg = Debug|iPhoneSimulator
		{5E9B530B-1A2C-4D7C-8DD7-9A14F89514F1}.Debug|iPhoneSimulator.Build.0 = Debug|iPhoneSimulator
		{5E9B530B-1A2C-4D7C-8DD7-9A14F89514F1}.Debug|iPhoneSimulator.Deploy.0 = Debug|iPhoneSimulator
		{5E9B530B-1A2C-4D7C-8DD7-9A14F89514F1}.Release|Any CPU.ActiveCfg = Release|iPhone
		{5E9B530B-1A2C-4D7C-8DD7-9A14F89514F1}.Release|Any CPU.Build.0 = Release|iPhone
		{5E9B530B-1A2C-4D7C-8DD7-9A14F89514F1}.Release|Any CPU.Deploy.0 = Release|iPhone
		{5E9B530B-1A2C-4D7C-8DD7-9A14F89514F1}.Release|iPhone.ActiveCfg = Release|iPhone
		{5E9B530B-1A2C-4D7C-8DD7-9A14F89514F1}.Release|iPhone.Build.0 = Release|iPhone
		{5E9B530B-1A2C-4D7C-8DD7-9A14F89514F1}.Release|iPhone.Deploy.0 = Release|iPhone
		{5E9B530B-1A2C-4D7C-8DD7-9A14F89514F1}.Release|iPhoneSimulator.ActiveCfg = Release|iPhoneSimulator
		{5E9B530B-1A2C-4D7C-8DD7-9A14F89514F1}.Release|iPhoneSimulator.Build.0 = Release|iPhoneSimulator
		{5E9B530B-1A2C-4D7C-8DD7-9A14F89514F1}.Release|iPhoneSimulator.Deploy.0 = Release|iPhoneSimulator
		{D6579F16-399F-4E7F-8A8C-9D17A7D3450C}.Debug|Any CPU.ActiveCfg = Debug|Any CPU
		{D6579F16-399F-4E7F-8A8C-9D17A7D3450C}.Debug|Any CPU.Build.0 = Debug|Any CPU
		{D6579F16-399F-4E7F-8A8C-9D17A7D3450C}.Debug|Any CPU.Deploy.0 = Debug|Any CPU
		{D6579F16-399F-4E7F-8A8C-9D17A7D3450C}.Debug|iPhone.ActiveCfg = Debug|Any CPU
		{D6579F16-399F-4E7F-8A8C-9D17A7D3450C}.Debug|iPhone.Build.0 = Debug|Any CPU
		{D6579F16-399F-4E7F-8A8C-9D17A7D3450C}.Debug|iPhone.Deploy.0 = Debug|Any CPU
		{D6579F16-399F-4E7F-8A8C-9D17A7D3450C}.Debug|iPhoneSimulator.ActiveCfg = Debug|Any CPU
		{D6579F16-399F-4E7F-8A8C-9D17A7D3450C}.Debug|iPhoneSimulator.Build.0 = Debug|Any CPU
		{D6579F16-399F-4E7F-8A8C-9D17A7D3450C}.Debug|iPhoneSimulator.Deploy.0 = Debug|Any CPU
		{D6579F16-399F-4E7F-8A8C-9D17A7D3450C}.Release|Any CPU.ActiveCfg = Release|Any CPU
		{D6579F16-399F-4E7F-8A8C-9D17A7D3450C}.Release|Any CPU.Build.0 = Release|Any CPU
		{D6579F16-399F-4E7F-8A8C-9D17A7D3450C}.Release|Any CPU.Deploy.0 = Release|Any CPU
		{D6579F16-399F-4E7F-8A8C-9D17A7D3450C}.Release|iPhone.ActiveCfg = Release|Any CPU
		{D6579F16-399F-4E7F-8A8C-9D17A7D3450C}.Release|iPhone.Build.0 = Release|Any CPU
		{D6579F16-399F-4E7F-8A8C-9D17A7D3450C}.Release|iPhone.Deploy.0 = Release|Any CPU
		{D6579F16-399F-4E7F-8A8C-9D17A7D3450C}.Release|iPhoneSimulator.ActiveCfg = Release|Any CPU
		{D6579F16-399F-4E7F-8A8C-9D17A7D3450C}.Release|iPhoneSimulator.Build.0 = Release|Any CPU
		{D6579F16-399F-4E7F-8A8C-9D17A7D3450C}.Release|iPhoneSimulator.Deploy.0 = Release|Any CPU
		{6D436FE4-E58B-43D2-AD1F-7C3E5833DCAF}.Debug|Any CPU.ActiveCfg = Debug|Any CPU
		{6D436FE4-E58B-43D2-AD1F-7C3E5833DCAF}.Debug|Any CPU.Build.0 = Debug|Any CPU
		{6D436FE4-E58B-43D2-AD1F-7C3E5833DCAF}.Debug|iPhone.ActiveCfg = Debug|Any CPU
		{6D436FE4-E58B-43D2-AD1F-7C3E5833DCAF}.Debug|iPhone.Build.0 = Debug|Any CPU
		{6D436FE4-E58B-43D2-AD1F-7C3E5833DCAF}.Debug|iPhoneSimulator.ActiveCfg = Debug|Any CPU
		{6D436FE4-E58B-43D2-AD1F-7C3E5833DCAF}.Debug|iPhoneSimulator.Build.0 = Debug|Any CPU
		{6D436FE4-E58B-43D2-AD1F-7C3E5833DCAF}.Release|Any CPU.ActiveCfg = Release|Any CPU
		{6D436FE4-E58B-43D2-AD1F-7C3E5833DCAF}.Release|Any CPU.Build.0 = Release|Any CPU
		{6D436FE4-E58B-43D2-AD1F-7C3E5833DCAF}.Release|iPhone.ActiveCfg = Release|Any CPU
		{6D436FE4-E58B-43D2-AD1F-7C3E5833DCAF}.Release|iPhone.Build.0 = Release|Any CPU
		{6D436FE4-E58B-43D2-AD1F-7C3E5833DCAF}.Release|iPhoneSimulator.ActiveCfg = Release|Any CPU
		{6D436FE4-E58B-43D2-AD1F-7C3E5833DCAF}.Release|iPhoneSimulator.Build.0 = Release|Any CPU
	EndGlobalSection
	GlobalSection(SolutionProperties) = preSolution
		HideSolutionNode = FALSE
	EndGlobalSection
	GlobalSection(ExtensibilityGlobals) = postSolution
		SolutionGuid = {52E7B271-30E5-421D-BD33-B39C3314A20D}
	EndGlobalSection
EndGlobal
